
Microsoft Visual Studio Solution File, Format Version 12.00
# Visual Studio 14
VisualStudioVersion = 14.0.25420.1
MinimumVisualStudioVersion = 10.0.40219.1
Project("{FAE04EC0-301F-11D3-BF4B-00C04F79EFBC}") = "BillingSystem", "BillingSystem\BillingSystem.csproj", "{F388072A-3525-406E-9C51-C685AA33A4EC}"
EndProject
Project("{54435603-DBB4-11D2-8724-00A0C9A8B90C}") = "TrailSetup", "TrailSetup\TrailSetup.vdproj", "{105AC3D2-47B6-4247-BE7A-4ECA06C596CD}"
EndProject
Global
	GlobalSection(SolutionConfigurationPlatforms) = preSolution
		Debug|Any CPU = Debug|Any CPU
		Release|Any CPU = Release|Any CPU
	EndGlobalSection
	GlobalSection(ProjectConfigurationPlatforms) = postSolution
		{F388072A-3525-406E-9C51-C685AA33A4EC}.Debug|Any CPU.ActiveCfg = Debug|Any CPU
		{F388072A-3525-406E-9C51-C685AA33A4EC}.Debug|Any CPU.Build.0 = Debug|Any CPU
		{F388072A-3525-406E-9C51-C685AA33A4EC}.Release|Any CPU.ActiveCfg = Release|Any CPU
		{F388072A-3525-406E-9C51-C685AA33A4EC}.Release|Any CPU.Build.0 = Release|Any CPU
		{105AC3D2-47B6-4247-BE7A-4ECA06C596CD}.Debug|Any CPU.ActiveCfg = Debug
		{105AC3D2-47B6-4247-BE7A-4ECA06C596CD}.Release|Any CPU.ActiveCfg = Release
	EndGlobalSection
	GlobalSection(SolutionProperties) = preSolution
		HideSolutionNode = FALSE
	EndGlobalSection
EndGlobal
